// !$*UTF8*$!
{
	archiveVersion = 1;
	classes = {
	};
	objectVersion = 46;
	objects = {

/* Begin PBXBuildFile section */
		8C4630411F0D8A7A00C4F741 /* AppDelegate.swift in Sources */ = {isa = PBXBuildFile; fileRef = 8C4630401F0D8A7A00C4F741 /* AppDelegate.swift */; };
		8C4630431F0D8A7A00C4F741 /* ViewController.swift in Sources */ = {isa = PBXBuildFile; fileRef = 8C4630421F0D8A7A00C4F741 /* ViewController.swift */; };
		8C4630461F0D8A7A00C4F741 /* Main.storyboard in Resources */ = {isa = PBXBuildFile; fileRef = 8C4630441F0D8A7A00C4F741 /* Main.storyboard */; };
		8C4630481F0D8A7A00C4F741 /* Assets.xcassets in Resources */ = {isa = PBXBuildFile; fileRef = 8C4630471F0D8A7A00C4F741 /* Assets.xcassets */; };
		8C46304B1F0D8A7A00C4F741 /* LaunchScreen.storyboard in Resources */ = {isa = PBXBuildFile; fileRef = 8C4630491F0D8A7A00C4F741 /* LaunchScreen.storyboard */; };
		8C4630561F0D8A7A00C4F741 /* iOSQuizTests.swift in Sources */ = {isa = PBXBuildFile; fileRef = 8C4630551F0D8A7A00C4F741 /* iOSQuizTests.swift */; };
		8C4630611F0D8A7A00C4F741 /* iOSQuizUITests.swift in Sources */ = {isa = PBXBuildFile; fileRef = 8C4630601F0D8A7A00C4F741 /* iOSQuizUITests.swift */; };
/* End PBXBuildFile section */

/* Begin PBXContainerItemProxy section */
		8C4630521F0D8A7A00C4F741 /* PBXContainerItemProxy */ = {
			isa = PBXContainerItemProxy;
			containerPortal = 8C4630351F0D8A7A00C4F741 /* Project object */;
			proxyType = 1;
			remoteGlobalIDString = 8C46303C1F0D8A7A00C4F741;
			remoteInfo = iOSQuiz;
		};
		8C46305D1F0D8A7A00C4F741 /* PBXContainerItemProxy */ = {
			isa = PBXContainerItemProxy;
			containerPortal = 8C4630351F0D8A7A00C4F741 /* Project object */;
			proxyType = 1;
			remoteGlobalIDString = 8C46303C1F0D8A7A00C4F741;
			remoteInfo = iOSQuiz;
		};
/* End PBXContainerItemProxy section */

/* Begin PBXFileReference section */
		8C46303D1F0D8A7A00C4F741 /* iOSQuiz.app */ = {isa = PBXFileReference; explicitFileType = wrapper.application; includeInIndex = 0; path = iOSQuiz.app; sourceTree = BUILT_PRODUCTS_DIR; };
		8C4630401F0D8A7A00C4F741 /* AppDelegate.swift */ = {isa = PBXFileReference; lastKnownFileType = sourcecode.swift; path = AppDelegate.swift; sourceTree = "<group>"; };
		8C4630421F0D8A7A00C4F741 /* ViewController.swift */ = {isa = PBXFileReference; lastKnownFileType = sourcecode.swift; path = ViewController.swift; sourceTree = "<group>"; };
		8C4630451F0D8A7A00C4F741 /* Base */ = {isa = PBXFileReference; lastKnownFileType = file.storyboard; name = Base; path = Base.lproj/Main.storyboard; sourceTree = "<group>"; };
		8C4630471F0D8A7A00C4F741 /* Assets.xcassets */ = {isa = PBXFileReference; lastKnownFileType = folder.assetcatalog; path = Assets.xcassets; sourceTree = "<group>"; };
		8C46304A1F0D8A7A00C4F741 /* Base */ = {isa = PBXFileReference; lastKnownFileType = file.storyboard; name = Base; path = Base.lproj/LaunchScreen.storyboard; sourceTree = "<group>"; };
		8C46304C1F0D8A7A00C4F741 /* Info.plist */ = {isa = PBXFileReference; lastKnownFileType = text.plist.xml; path = Info.plist; sourceTree = "<group>"; };
		8C4630511F0D8A7A00C4F741 /* iOSQuizTests.xctest */ = {isa = PBXFileReference; explicitFileType = wrapper.cfbundle; includeInIndex = 0; path = iOSQuizTests.xctest; sourceTree = BUILT_PRODUCTS_DIR; };
		8C4630551F0D8A7A00C4F741 /* iOSQuizTests.swift */ = {isa = PBXFileReference; lastKnownFileType = sourcecode.swift; path = iOSQuizTests.swift; sourceTree = "<group>"; };
		8C4630571F0D8A7A00C4F741 /* Info.plist */ = {isa = PBXFileReference; lastKnownFileType = text.plist.xml; path = Info.plist; sourceTree = "<group>"; };
		8C46305C1F0D8A7A00C4F741 /* iOSQuizUITests.xctest */ = {isa = PBXFileReference; explicitFileType = wrapper.cfbundle; includeInIndex = 0; path = iOSQuizUITests.xctest; sourceTree = BUILT_PRODUCTS_DIR; };
		8C4630601F0D8A7A00C4F741 /* iOSQuizUITests.swift */ = {isa = PBXFileReference; lastKnownFileType = sourcecode.swift; path = iOSQuizUITests.swift; sourceTree = "<group>"; };
		8C4630621F0D8A7A00C4F741 /* Info.plist */ = {isa = PBXFileReference; lastKnownFileType = text.plist.xml; path = Info.plist; sourceTree = "<group>"; };
/* End PBXFileReference section */

/* Begin PBXFrameworksBuildPhase section */
		8C46303A1F0D8A7A00C4F741 /* Frameworks */ = {
			isa = PBXFrameworksBuildPhase;
			buildActionMask = 2147483647;
			files = (
			);
			runOnlyForDeploymentPostprocessing = 0;
		};
		8C46304E1F0D8A7A00C4F741 /* Frameworks */ = {
			isa = PBXFrameworksBuildPhase;
			buildActionMask = 2147483647;
			files = (
			);
			runOnlyForDeploymentPostprocessing = 0;
		};
		8C4630591F0D8A7A00C4F741 /* Frameworks */ = {
			isa = PBXFrameworksBuildPhase;
			buildActionMask = 2147483647;
			files = (
			);
			runOnlyForDeploymentPostprocessing = 0;
		};
/* End PBXFrameworksBuildPhase section */

/* Begin PBXGroup section */
		8C4630341F0D8A7A00C4F741 = {
			isa = PBXGroup;
			children = (
				8C46303F1F0D8A7A00C4F741 /* iOSQuiz */,
				8C4630541F0D8A7A00C4F741 /* iOSQuizTests */,
				8C46305F1F0D8A7A00C4F741 /* iOSQuizUITests */,
				8C46303E1F0D8A7A00C4F741 /* Products */,
			);
			sourceTree = "<group>";
		};
		8C46303E1F0D8A7A00C4F741 /* Products */ = {
			isa = PBXGroup;
			children = (
				8C46303D1F0D8A7A00C4F741 /* iOSQuiz.app */,
				8C4630511F0D8A7A00C4F741 /* iOSQuizTests.xctest */,
				8C46305C1F0D8A7A00C4F741 /* iOSQuizUITests.xctest */,
			);
			name = Products;
			sourceTree = "<group>";
		};
		8C46303F1F0D8A7A00C4F741 /* iOSQuiz */ = {
			isa = PBXGroup;
			children = (
				8C4630401F0D8A7A00C4F741 /* AppDelegate.swift */,
				8C4630421F0D8A7A00C4F741 /* ViewController.swift */,
				8C4630441F0D8A7A00C4F741 /* Main.storyboard */,
				8C4630471F0D8A7A00C4F741 /* Assets.xcassets */,
				8C4630491F0D8A7A00C4F741 /* LaunchScreen.storyboard */,
				8C46304C1F0D8A7A00C4F741 /* Info.plist */,
			);
			path = iOSQuiz;
			sourceTree = "<group>";
		};
		8C4630541F0D8A7A00C4F741 /* iOSQuizTests */ = {
			isa = PBXGroup;
			children = (
				8C4630551F0D8A7A00C4F741 /* iOSQuizTests.swift */,
				8C4630571F0D8A7A00C4F741 /* Info.plist */,
			);
			path = iOSQuizTests;
			sourceTree = "<group>";
		};
		8C46305F1F0D8A7A00C4F741 /* iOSQuizUITests */ = {
			isa = PBXGroup;
			children = (
				8C4630601F0D8A7A00C4F741 /* iOSQuizUITests.swift */,
				8C4630621F0D8A7A00C4F741 /* Info.plist */,
			);
			path = iOSQuizUITests;
			sourceTree = "<group>";
		};
/* End PBXGroup section */

/* Begin PBXNativeTarget section */
		8C46303C1F0D8A7A00C4F741 /* iOSQuiz */ = {
			isa = PBXNativeTarget;
			buildConfigurationList = 8C4630651F0D8A7A00C4F741 /* Build configuration list for PBXNativeTarget "iOSQuiz" */;
			buildPhases = (
				8C4630391F0D8A7A00C4F741 /* Sources */,
				8C46303A1F0D8A7A00C4F741 /* Frameworks */,
				8C46303B1F0D8A7A00C4F741 /* Resources */,
			);
			buildRules = (
			);
			dependencies = (
			);
			name = iOSQuiz;
			productName = iOSQuiz;
			productReference = 8C46303D1F0D8A7A00C4F741 /* iOSQuiz.app */;
			productType = "com.apple.product-type.application";
		};
		8C4630501F0D8A7A00C4F741 /* iOSQuizTests */ = {
			isa = PBXNativeTarget;
			buildConfigurationList = 8C4630681F0D8A7A00C4F741 /* Build configuration list for PBXNativeTarget "iOSQuizTests" */;
			buildPhases = (
				8C46304D1F0D8A7A00C4F741 /* Sources */,
				8C46304E1F0D8A7A00C4F741 /* Frameworks */,
				8C46304F1F0D8A7A00C4F741 /* Resources */,
			);
			buildRules = (
			);
			dependencies = (
				8C4630531F0D8A7A00C4F741 /* PBXTargetDependency */,
			);
			name = iOSQuizTests;
			productName = iOSQuizTests;
			productReference = 8C4630511F0D8A7A00C4F741 /* iOSQuizTests.xctest */;
			productType = "com.apple.product-type.bundle.unit-test";
		};
		8C46305B1F0D8A7A00C4F741 /* iOSQuizUITests */ = {
			isa = PBXNativeTarget;
			buildConfigurationList = 8C46306B1F0D8A7A00C4F741 /* Build configuration list for PBXNativeTarget "iOSQuizUITests" */;
			buildPhases = (
				8C4630581F0D8A7A00C4F741 /* Sources */,
				8C4630591F0D8A7A00C4F741 /* Frameworks */,
				8C46305A1F0D8A7A00C4F741 /* Resources */,
			);
			buildRules = (
			);
			dependencies = (
				8C46305E1F0D8A7A00C4F741 /* PBXTargetDependency */,
			);
			name = iOSQuizUITests;
			productName = iOSQuizUITests;
			productReference = 8C46305C1F0D8A7A00C4F741 /* iOSQuizUITests.xctest */;
			productType = "com.apple.product-type.bundle.ui-testing";
		};
/* End PBXNativeTarget section */

/* Begin PBXProject section */
		8C4630351F0D8A7A00C4F741 /* Project object */ = {
			isa = PBXProject;
			attributes = {
				LastSwiftUpdateCheck = 0830;
				LastUpgradeCheck = 0830;
				ORGANIZATIONNAME = "Kaan Kabalak";
				TargetAttributes = {
					8C46303C1F0D8A7A00C4F741 = {
						CreatedOnToolsVersion = 8.3.3;
						ProvisioningStyle = Automatic;
					};
					8C4630501F0D8A7A00C4F741 = {
						CreatedOnToolsVersion = 8.3.3;
						ProvisioningStyle = Automatic;
						TestTargetID = 8C46303C1F0D8A7A00C4F741;
					};
					8C46305B1F0D8A7A00C4F741 = {
						CreatedOnToolsVersion = 8.3.3;
						ProvisioningStyle = Automatic;
						TestTargetID = 8C46303C1F0D8A7A00C4F741;
					};
				};
			};
			buildConfigurationList = 8C4630381F0D8A7A00C4F741 /* Build configuration list for PBXProject "iOSQuiz" */;
			compatibilityVersion = "Xcode 3.2";
			developmentRegion = English;
			hasScannedForEncodings = 0;
			knownRegions = (
				en,
				Base,
			);
			mainGroup = 8C4630341F0D8A7A00C4F741;
			productRefGroup = 8C46303E1F0D8A7A00C4F741 /* Products */;
			projectDirPath = "";
			projectRoot = "";
			targets = (
				8C46303C1F0D8A7A00C4F741 /* iOSQuiz */,
				8C4630501F0D8A7A00C4F741 /* iOSQuizTests */,
				8C46305B1F0D8A7A00C4F741 /* iOSQuizUITests */,
			);
		};
/* End PBXProject section */

/* Begin PBXResourcesBuildPhase section */
		8C46303B1F0D8A7A00C4F741 /* Resources */ = {
			isa = PBXResourcesBuildPhase;
			buildActionMask = 2147483647;
			files = (
				8C46304B1F0D8A7A00C4F741 /* LaunchScreen.storyboard in Resources */,
				8C4630481F0D8A7A00C4F741 /* Assets.xcassets in Resources */,
				8C4630461F0D8A7A00C4F741 /* Main.storyboard in Resources */,
			);
			runOnlyForDeploymentPostprocessing = 0;
		};
		8C46304F1F0D8A7A00C4F741 /* Resources */ = {
			isa = PBXResourcesBuildPhase;
			buildActionMask = 2147483647;
			files = (
			);
			runOnlyForDeploymentPostprocessing = 0;
		};
		8C46305A1F0D8A7A00C4F741 /* Resources */ = {
			isa = PBXResourcesBuildPhase;
			buildActionMask = 2147483647;
			files = (
			);
			runOnlyForDeploymentPostprocessing = 0;
		};
/* End PBXResourcesBuildPhase section */

/* Begin PBXSourcesBuildPhase section */
		8C4630391F0D8A7A00C4F741 /* Sources */ = {
			isa = PBXSourcesBuildPhase;
			buildActionMask = 2147483647;
			files = (
				8C4630431F0D8A7A00C4F741 /* ViewController.swift in Sources */,
				8C4630411F0D8A7A00C4F741 /* AppDelegate.swift in Sources */,
			);
			runOnlyForDeploymentPostprocessing = 0;
		};
		8C46304D1F0D8A7A00C4F741 /* Sources */ = {
			isa = PBXSourcesBuildPhase;
			buildActionMask = 2147483647;
			files = (
				8C4630561F0D8A7A00C4F741 /* iOSQuizTests.swift in Sources */,
			);
			runOnlyForDeploymentPostprocessing = 0;
		};
		8C4630581F0D8A7A00C4F741 /* Sources */ = {
			isa = PBXSourcesBuildPhase;
			buildActionMask = 2147483647;
			files = (
				8C4630611F0D8A7A00C4F741 /* iOSQuizUITests.swift in Sources */,
			);
			runOnlyForDeploymentPostprocessing = 0;
		};
/* End PBXSourcesBuildPhase section */

/* Begin PBXTargetDependency section */
		8C4630531F0D8A7A00C4F741 /* PBXTargetDependency */ = {
			isa = PBXTargetDependency;
			target = 8C46303C1F0D8A7A00C4F741 /* iOSQuiz */;
			targetProxy = 8C4630521F0D8A7A00C4F741 /* PBXContainerItemProxy */;
		};
		8C46305E1F0D8A7A00C4F741 /* PBXTargetDependency */ = {
			isa = PBXTargetDependency;
			target = 8C46303C1F0D8A7A00C4F741 /* iOSQuiz */;
			targetProxy = 8C46305D1F0D8A7A00C4F741 /* PBXContainerItemProxy */;
		};
/* End PBXTargetDependency section */

/* Begin PBXVariantGroup section */
		8C4630441F0D8A7A00C4F741 /* Main.storyboard */ = {
			isa = PBXVariantGroup;
			children = (
				8C4630451F0D8A7A00C4F741 /* Base */,
			);
			name = Main.storyboard;
			sourceTree = "<group>";
		};
		8C4630491F0D8A7A00C4F741 /* LaunchScreen.storyboard */ = {
			isa = PBXVariantGroup;
			children = (
				8C46304A1F0D8A7A00C4F741 /* Base */,
			);
			name = LaunchScreen.storyboard;
			sourceTree = "<group>";
		};
/* End PBXVariantGroup section */

/* Begin XCBuildConfiguration section */
		8C4630631F0D8A7A00C4F741 /* Debug */ = {
			isa = XCBuildConfiguration;
			buildSettings = {
				ALWAYS_SEARCH_USER_PATHS = NO;
				CLANG_ANALYZER_NONNULL = YES;
				CLANG_ANALYZER_NUMBER_OBJECT_CONVERSION = YES_AGGRESSIVE;
				CLANG_CXX_LANGUAGE_STANDARD = "gnu++0x";
				CLANG_CXX_LIBRARY = "libc++";
				CLANG_ENABLE_MODULES = YES;
				CLANG_ENABLE_OBJC_ARC = YES;
				CLANG_WARN_BOOL_CONVERSION = YES;
				CLANG_WARN_CONSTANT_CONVERSION = YES;
				CLANG_WARN_DIRECT_OBJC_ISA_USAGE = YES_ERROR;
				CLANG_WARN_DOCUMENTATION_COMMENTS = YES;
				CLANG_WARN_EMPTY_BODY = YES;
				CLANG_WARN_ENUM_CONVERSION = YES;
				CLANG_WARN_INFINITE_RECURSION = YES;
				CLANG_WARN_INT_CONVERSION = YES;
				CLANG_WARN_OBJC_ROOT_CLASS = YES_ERROR;
				CLANG_WARN_SUSPICIOUS_MOVE = YES;
				CLANG_WARN_UNREACHABLE_CODE = YES;
				CLANG_WARN__DUPLICATE_METHOD_MATCH = YES;
				"CODE_SIGN_IDENTITY[sdk=iphoneos*]" = "iPhone Developer";
				COPY_PHASE_STRIP = NO;
				DEBUG_INFORMATION_FORMAT = dwarf;
				ENABLE_STRICT_OBJC_MSGSEND = YES;
				ENABLE_TESTABILITY = YES;
				GCC_C_LANGUAGE_STANDARD = gnu99;
				GCC_DYNAMIC_NO_PIC = NO;
				GCC_NO_COMMON_BLOCKS = YES;
				GCC_OPTIMIZATION_LEVEL = 0;
				GCC_PREPROCESSOR_DEFINITIONS = (
					"DEBUG=1",
					"$(inherited)",
				);
				GCC_WARN_64_TO_32_BIT_CONVERSION = YES;
				GCC_WARN_ABOUT_RETURN_TYPE = YES_ERROR;
				GCC_WARN_UNDECLARED_SELECTOR = YES;
				GCC_WARN_UNINITIALIZED_AUTOS = YES_AGGRESSIVE;
				GCC_WARN_UNUSED_FUNCTION = YES;
				GCC_WARN_UNUSED_VARIABLE = YES;
				IPHONEOS_DEPLOYMENT_TARGET = 10.3;
				MTL_ENABLE_DEBUG_INFO = YES;
				ONLY_ACTIVE_ARCH = YES;
				SDKROOT = iphoneos;
				SWIFT_ACTIVE_COMPILATION_CONDITIONS = DEBUG;
				SWIFT_OPTIMIZATION_LEVEL = "-Onone";
				TARGETED_DEVICE_FAMILY = "1,2";
			};
			name = Debug;
		};
		8C4630641F0D8A7A00C4F741 /* Release */ = {
			isa = XCBuildConfiguration;
			buildSettings = {
				ALWAYS_SEARCH_USER_PATHS = NO;
				CLANG_ANALYZER_NONNULL = YES;
				CLANG_ANALYZER_NUMBER_OBJECT_CONVERSION = YES_AGGRESSIVE;
				CLANG_CXX_LANGUAGE_STANDARD = "gnu++0x";
				CLANG_CXX_LIBRARY = "libc++";
				CLANG_ENABLE_MODULES = YES;
				CLANG_ENABLE_OBJC_ARC = YES;
				CLANG_WARN_BOOL_CONVERSION = YES;
				CLANG_WARN_CONSTANT_CONVERSION = YES;
				CLANG_WARN_DIRECT_OBJC_ISA_USAGE = YES_ERROR;
				CLANG_WARN_DOCUMENTATION_COMMENTS = YES;
				CLANG_WARN_EMPTY_BODY = YES;
				CLANG_WARN_ENUM_CONVERSION = YES;
				CLANG_WARN_INFINITE_RECURSION = YES;
				CLANG_WARN_INT_CONVERSION = YES;
				CLANG_WARN_OBJC_ROOT_CLASS = YES_ERROR;
				CLANG_WARN_SUSPICIOUS_MOVE = YES;
				CLANG_WARN_UNREACHABLE_CODE = YES;
				CLANG_WARN__DUPLICATE_METHOD_MATCH = YES;
				"CODE_SIGN_IDENTITY[sdk=iphoneos*]" = "iPhone Developer";
				COPY_PHASE_STRIP = NO;
				DEBUG_INFORMATION_FORMAT = "dwarf-with-dsym";
				ENABLE_NS_ASSERTIONS = NO;
				ENABLE_STRICT_OBJC_MSGSEND = YES;
				GCC_C_LANGUAGE_STANDARD = gnu99;
				GCC_NO_COMMON_BLOCKS = YES;
				GCC_WARN_64_TO_32_BIT_CONVERSION = YES;
				GCC_WARN_ABOUT_RETURN_TYPE = YES_ERROR;
				GCC_WARN_UNDECLARED_SELECTOR = YES;
				GCC_WARN_UNINITIALIZED_AUTOS = YES_AGGRESSIVE;
				GCC_WARN_UNUSED_FUNCTION = YES;
				GCC_WARN_UNUSED_VARIABLE = YES;
				IPHONEOS_DEPLOYMENT_TARGET = 10.3;
				MTL_ENABLE_DEBUG_INFO = NO;
				SDKROOT = iphoneos;
				SWIFT_OPTIMIZATION_LEVEL = "-Owholemodule";
				TARGETED_DEVICE_FAMILY = "1,2";
				VALIDATE_PRODUCT = YES;
			};
			name = Release;
		};
		8C4630661F0D8A7A00C4F741 /* Debug */ = {
			isa = XCBuildConfiguration;
			buildSettings = {
				ASSETCATALOG_COMPILER_APPICON_NAME = AppIcon;
				INFOPLIST_FILE = iOSQuiz/Info.plist;
				LD_RUNPATH_SEARCH_PATHS = "$(inherited) @executable_path/Frameworks";
				PRODUCT_BUNDLE_IDENTIFIER = com.codingdojo.iOSQuiz;
				PRODUCT_NAME = "$(TARGET_NAME)";
				SWIFT_VERSION = 3.0;
			};
			name = Debug;
		};
		8C4630671F0D8A7A00C4F741 /* Release */ = {
			isa = XCBuildConfiguration;
			buildSettings = {
				ASSETCATALOG_COMPILER_APPICON_NAME = AppIcon;
				INFOPLIST_FILE = iOSQuiz/Info.plist;
				LD_RUNPATH_SEARCH_PATHS = "$(inherited) @executable_path/Frameworks";
				PRODUCT_BUNDLE_IDENTIFIER = com.codingdojo.iOSQuiz;
				PRODUCT_NAME = "$(TARGET_NAME)";
				SWIFT_VERSION = 3.0;
			};
			name = Release;
		};
		8C4630691F0D8A7A00C4F741 /* Debug */ = {
			isa = XCBuildConfiguration;
			buildSettings = {
				ALWAYS_EMBED_SWIFT_STANDARD_LIBRARIES = YES;
				BUNDLE_LOADER = "$(TEST_HOST)";
				INFOPLIST_FILE = iOSQuizTests/Info.plist;
				LD_RUNPATH_SEARCH_PATHS = "$(inherited) @executable_path/Frameworks @loader_path/Frameworks";
				PRODUCT_BUNDLE_IDENTIFIER = com.codingdojo.iOSQuizTests;
				PRODUCT_NAME = "$(TARGET_NAME)";
				SWIFT_VERSION = 3.0;
				TEST_HOST = "$(BUILT_PRODUCTS_DIR)/iOSQuiz.app/iOSQuiz";
			};
			name = Debug;
		};
		8C46306A1F0D8A7A00C4F741 /* Release */ = {
			isa = XCBuildConfiguration;
			buildSettings = {
				ALWAYS_EMBED_SWIFT_STANDARD_LIBRARIES = YES;
				BUNDLE_LOADER = "$(TEST_HOST)";
				INFOPLIST_FILE = iOSQuizTests/Info.plist;
				LD_RUNPATH_SEARCH_PATHS = "$(inherited) @executable_path/Frameworks @loader_path/Frameworks";
				PRODUCT_BUNDLE_IDENTIFIER = com.codingdojo.iOSQuizTests;
				PRODUCT_NAME = "$(TARGET_NAME)";
				SWIFT_VERSION = 3.0;
				TEST_HOST = "$(BUILT_PRODUCTS_DIR)/iOSQuiz.app/iOSQuiz";
			};
			name = Release;
		};
		8C46306C1F0D8A7A00C4F741 /* Debug */ = {
			isa = XCBuildConfiguration;
			buildSettings = {
				ALWAYS_EMBED_SWIFT_STANDARD_LIBRARIES = YES;
				INFOPLIST_FILE = iOSQuizUITests/Info.plist;
				LD_RUNPATH_SEARCH_PATHS = "$(inherited) @executable_path/Frameworks @loader_path/Frameworks";
				PRODUCT_BUNDLE_IDENTIFIER = com.codingdojo.iOSQuizUITests;
				PRODUCT_NAME = "$(TARGET_NAME)";
				SWIFT_VERSION = 3.0;
				TEST_TARGET_NAME = iOSQuiz;
			};
			name = Debug;
		};
		8C46306D1F0D8A7A00C4F741 /* Release */ = {
			isa = XCBuildConfiguration;
			buildSettings = {
				ALWAYS_EMBED_SWIFT_STANDARD_LIBRARIES = YES;
				INFOPLIST_FILE = iOSQuizUITests/Info.plist;
				LD_RUNPATH_SEARCH_PATHS = "$(inherited) @executable_path/Frameworks @loader_path/Frameworks";
				PRODUCT_BUNDLE_IDENTIFIER = com.codingdojo.iOSQuizUITests;
				PRODUCT_NAME = "$(TARGET_NAME)";
				SWIFT_VERSION = 3.0;
				TEST_TARGET_NAME = iOSQuiz;
			};
			name = Release;
		};
/* End XCBuildConfiguration section */

/* Begin XCConfigurationList section */
		8C4630381F0D8A7A00C4F741 /* Build configuration list for PBXProject "iOSQuiz" */ = {
			isa = XCConfigurationList;
			buildConfigurations = (
				8C4630631F0D8A7A00C4F741 /* Debug */,
				8C4630641F0D8A7A00C4F741 /* Release */,
			);
			defaultConfigurationIsVisible = 0;
			defaultConfigurationName = Release;
		};
		8C4630651F0D8A7A00C4F741 /* Build configuration list for PBXNativeTarget "iOSQuiz" */ = {
			isa = XCConfigurationList;
			buildConfigurations = (
				8C4630661F0D8A7A00C4F741 /* Debug */,
				8C4630671F0D8A7A00C4F741 /* Release */,
			);
			defaultConfigurationIsVisible = 0;
		};
		8C4630681F0D8A7A00C4F741 /* Build configuration list for PBXNativeTarget "iOSQuizTests" */ = {
			isa = XCConfigurationList;
			buildConfigurations = (
				8C4630691F0D8A7A00C4F741 /* Debug */,
				8C46306A1F0D8A7A00C4F741 /* Release */,
			);
			defaultConfigurationIsVisible = 0;
		};
		8C46306B1F0D8A7A00C4F741 /* Build configuration list for PBXNativeTarget "iOSQuizUITests" */ = {
			isa = XCConfigurationList;
			buildConfigurations = (
				8C46306C1F0D8A7A00C4F741 /* Debug */,
				8C46306D1F0D8A7A00C4F741 /* Release */,
			);
			defaultConfigurationIsVisible = 0;
		};
/* End XCConfigurationList section */
	};
	rootObject = 8C4630351F0D8A7A00C4F741 /* Project object */;
}
